// !$*UTF8*$!
{
	archiveVersion = 1;
	classes = {
	};
	objectVersion = 56;
	objects = {

/* Begin PBXBuildFile section */
		4E0122A728D21D2200110423 /* camera.h in Sources */ = {isa = PBXBuildFile; fileRef = 4E0122A628D21CF100110423 /* camera.h */; };
		4E54776328C78B59002546B7 /* stb_image.h in Sources */ = {isa = PBXBuildFile; fileRef = 4E54776228C78B35002546B7 /* stb_image.h */; };
		4E6885FF28C433B300D057B5 /* OpenGL.framework in Frameworks */ = {isa = PBXBuildFile; fileRef = 4E6885FE28C433B300D057B5 /* OpenGL.framework */; };
		4E68860128C433BC00D057B5 /* CoreFoundation.framework in Frameworks */ = {isa = PBXBuildFile; fileRef = 4E68860028C433BC00D057B5 /* CoreFoundation.framework */; };
		4E68860328C433C900D057B5 /* libGLEW.2.2.0.dylib in Frameworks */ = {isa = PBXBuildFile; fileRef = 4E68860228C433C900D057B5 /* libGLEW.2.2.0.dylib */; };
		4E68860528C433D400D057B5 /* libglfw.3.3.dylib in Frameworks */ = {isa = PBXBuildFile; fileRef = 4E68860428C433D400D057B5 /* libglfw.3.3.dylib */; };
		4E68862728C4591000D057B5 /* glad.c in Sources */ = {isa = PBXBuildFile; fileRef = 4E68862628C4591000D057B5 /* glad.c */; };
		4EAE22A228C64B0600E0A419 /* Shader.hpp in Sources */ = {isa = PBXBuildFile; fileRef = 4EAE229D28C644C300E0A419 /* Shader.hpp */; };
		4EAE22A628C64CFC00E0A419 /* Shader.cpp in Sources */ = {isa = PBXBuildFile; fileRef = 4EAE229C28C644C300E0A419 /* Shader.cpp */; };
		4EED312F28D0C5760048ABBB /* CameraSystem.cpp in Sources */ = {isa = PBXBuildFile; fileRef = 4EED312E28D0C5760048ABBB /* CameraSystem.cpp */; };
/* End PBXBuildFile section */

/* Begin PBXCopyFilesBuildPhase section */
		4E6885F128C4339E00D057B5 /* CopyFiles */ = {
			isa = PBXCopyFilesBuildPhase;
			buildActionMask = 2147483647;
			dstPath = /usr/share/man/man1/;
			dstSubfolderSpec = 0;
			files = (
			);
			runOnlyForDeploymentPostprocessing = 1;
		};
/* End PBXCopyFilesBuildPhase section */

/* Begin PBXFileReference section */
		4E0122A628D21CF100110423 /* camera.h */ = {isa = PBXFileReference; lastKnownFileType = sourcecode.c.h; path = camera.h; sourceTree = "<group>"; };
		4E54776228C78B35002546B7 /* stb_image.h */ = {isa = PBXFileReference; fileEncoding = 4; lastKnownFileType = sourcecode.c.h; path = stb_image.h; sourceTree = "<group>"; };
		4E54776428C78B84002546B7 /* UseTexture.cpp */ = {isa = PBXFileReference; lastKnownFileType = sourcecode.cpp.cpp; path = UseTexture.cpp; sourceTree = "<group>"; };
		4E54776628C78BEA002546B7 /* container.jpg */ = {isa = PBXFileReference; lastKnownFileType = image.jpeg; path = container.jpg; sourceTree = "<group>"; };
		4E54776728C78F0E002546B7 /* texture.vs */ = {isa = PBXFileReference; lastKnownFileType = sourcecode.glsl; path = texture.vs; sourceTree = "<group>"; };
		4E54776828C78F81002546B7 /* texture.fs */ = {isa = PBXFileReference; lastKnownFileType = sourcecode.glsl; path = texture.fs; sourceTree = "<group>"; };
		4E54776928C79AD9002546B7 /* awesomeface.png */ = {isa = PBXFileReference; lastKnownFileType = image.png; path = awesomeface.png; sourceTree = "<group>"; };
		4E6885F328C4339E00D057B5 /* LearnOpenGL */ = {isa = PBXFileReference; explicitFileType = "compiled.mach-o.executable"; includeInIndex = 0; path = LearnOpenGL; sourceTree = BUILT_PRODUCTS_DIR; };
		4E6885F628C4339E00D057B5 /* HelloTriangle.cpp */ = {isa = PBXFileReference; lastKnownFileType = sourcecode.cpp.cpp; path = HelloTriangle.cpp; sourceTree = "<group>"; };
		4E6885FE28C433B300D057B5 /* OpenGL.framework */ = {isa = PBXFileReference; lastKnownFileType = wrapper.framework; name = OpenGL.framework; path = System/Library/Frameworks/OpenGL.framework; sourceTree = SDKROOT; };
		4E68860028C433BC00D057B5 /* CoreFoundation.framework */ = {isa = PBXFileReference; lastKnownFileType = wrapper.framework; name = CoreFoundation.framework; path = System/Library/Frameworks/CoreFoundation.framework; sourceTree = SDKROOT; };
		4E68860228C433C900D057B5 /* libGLEW.2.2.0.dylib */ = {isa = PBXFileReference; lastKnownFileType = "compiled.mach-o.dylib"; name = libGLEW.2.2.0.dylib; path = ../../../../opt/homebrew/Cellar/glew/2.2.0_1/lib/libGLEW.2.2.0.dylib; sourceTree = "<group>"; };
		4E68860428C433D400D057B5 /* libglfw.3.3.dylib */ = {isa = PBXFileReference; lastKnownFileType = "compiled.mach-o.dylib"; name = libglfw.3.3.dylib; path = ../../../../opt/homebrew/Cellar/glfw/3.3.8/lib/libglfw.3.3.dylib; sourceTree = "<group>"; };
		4E68862628C4591000D057B5 /* glad.c */ = {isa = PBXFileReference; lastKnownFileType = sourcecode.c.c; path = glad.c; sourceTree = "<group>"; };
		4E68862828C45DBD00D057B5 /* LearnOpenGL.entitlements */ = {isa = PBXFileReference; lastKnownFileType = text.plist.entitlements; path = LearnOpenGL.entitlements; sourceTree = "<group>"; };
		4EAE229328C637AA00E0A419 /* LearnShaders.cpp */ = {isa = PBXFileReference; lastKnownFileType = sourcecode.cpp.cpp; path = LearnShaders.cpp; sourceTree = "<group>"; };
		4EAE229728C6387800E0A419 /* Common.h */ = {isa = PBXFileReference; lastKnownFileType = sourcecode.c.h; path = Common.h; sourceTree = "<group>"; };
		4EAE229C28C644C300E0A419 /* Shader.cpp */ = {isa = PBXFileReference; lastKnownFileType = sourcecode.cpp.cpp; path = Shader.cpp; sourceTree = "<group>"; };
		4EAE229D28C644C300E0A419 /* Shader.hpp */ = {isa = PBXFileReference; lastKnownFileType = sourcecode.cpp.h; path = Shader.hpp; sourceTree = "<group>"; };
		4EAE229F28C64AC600E0A419 /* UseShaderObject.cpp */ = {isa = PBXFileReference; lastKnownFileType = sourcecode.cpp.cpp; path = UseShaderObject.cpp; sourceTree = "<group>"; };
		4EAE22A428C64B3F00E0A419 /* shader.vs */ = {isa = PBXFileReference; lastKnownFileType = sourcecode.glsl; path = shader.vs; sourceTree = "<group>"; };
		4EAE22A528C64B5600E0A419 /* shader.fs */ = {isa = PBXFileReference; lastKnownFileType = sourcecode.glsl; path = shader.fs; sourceTree = "<group>"; };
		4EB5017528CC9343008655C0 /* LearnTransformations.cpp */ = {isa = PBXFileReference; lastKnownFileType = sourcecode.cpp.cpp; path = LearnTransformations.cpp; sourceTree = "<group>"; };
		4EB5017728CC9519008655C0 /* transform.vs */ = {isa = PBXFileReference; lastKnownFileType = sourcecode.glsl; path = transform.vs; sourceTree = "<group>"; };
		4EB5017828CC9529008655C0 /* transform.fs */ = {isa = PBXFileReference; lastKnownFileType = sourcecode.glsl; path = transform.fs; sourceTree = "<group>"; };
		4EB5017C28CCCD26008655C0 /* 3DCoordinateSystems.cpp */ = {isa = PBXFileReference; lastKnownFileType = sourcecode.cpp.cpp; path = 3DCoordinateSystems.cpp; sourceTree = "<group>"; };
		4EB5017E28CCD16D008655C0 /* coordinate.vs */ = {isa = PBXFileReference; lastKnownFileType = sourcecode.glsl; path = coordinate.vs; sourceTree = "<group>"; };
		4EB5017F28CCD1D8008655C0 /* coordinate.fs */ = {isa = PBXFileReference; lastKnownFileType = sourcecode.glsl; path = coordinate.fs; sourceTree = "<group>"; };
		4EED312E28D0C5760048ABBB /* CameraSystem.cpp */ = {isa = PBXFileReference; lastKnownFileType = sourcecode.cpp.cpp; path = CameraSystem.cpp; sourceTree = "<group>"; };
		4EED313028D0C5A30048ABBB /* camera.vs */ = {isa = PBXFileReference; lastKnownFileType = sourcecode.glsl; path = camera.vs; sourceTree = "<group>"; };
		4EED313128D0C5B00048ABBB /* camera.fs */ = {isa = PBXFileReference; lastKnownFileType = sourcecode.glsl; path = camera.fs; sourceTree = "<group>"; };
/* End PBXFileReference section */

/* Begin PBXFrameworksBuildPhase section */
		4E6885F028C4339E00D057B5 /* Frameworks */ = {
			isa = PBXFrameworksBuildPhase;
			buildActionMask = 2147483647;
			files = (
				4E68860528C433D400D057B5 /* libglfw.3.3.dylib in Frameworks */,
				4E68860328C433C900D057B5 /* libGLEW.2.2.0.dylib in Frameworks */,
				4E68860128C433BC00D057B5 /* CoreFoundation.framework in Frameworks */,
				4E6885FF28C433B300D057B5 /* OpenGL.framework in Frameworks */,
			);
			runOnlyForDeploymentPostprocessing = 0;
		};
/* End PBXFrameworksBuildPhase section */

/* Begin PBXGroup section */
		4E54776128C787E5002546B7 /* LearnTextures */ = {
			isa = PBXGroup;
			children = (
				4E54776928C79AD9002546B7 /* awesomeface.png */,
				4E54776628C78BEA002546B7 /* container.jpg */,
				4E54776428C78B84002546B7 /* UseTexture.cpp */,
				4E54776728C78F0E002546B7 /* texture.vs */,
				4E54776828C78F81002546B7 /* texture.fs */,
			);
			path = LearnTextures;
			sourceTree = "<group>";
		};
		4E6885EA28C4339E00D057B5 = {
			isa = PBXGroup;
			children = (
				4E6885F528C4339E00D057B5 /* LearnOpenGL */,
				4E6885F428C4339E00D057B5 /* Products */,
				4E6885FD28C433B300D057B5 /* Frameworks */,
			);
			sourceTree = "<group>";
		};
		4E6885F428C4339E00D057B5 /* Products */ = {
			isa = PBXGroup;
			children = (
				4E6885F328C4339E00D057B5 /* LearnOpenGL */,
			);
			name = Products;
			sourceTree = "<group>";
		};
		4E6885F528C4339E00D057B5 /* LearnOpenGL */ = {
			isa = PBXGroup;
			children = (
				4EED312D28D0C53F0048ABBB /* CameraView */,
				4EB5017B28CCA51D008655C0 /* CoordinateSystem */,
				4EB5017428CC92D4008655C0 /* TransformationsBasic */,
				4E54776128C787E5002546B7 /* LearnTextures */,
				4EAE229A28C63AB000E0A419 /* LearnShader */,
				4EAE229928C63AA100E0A419 /* HelloTriangle */,
				4E68862828C45DBD00D057B5 /* LearnOpenGL.entitlements */,
				4E68862628C4591000D057B5 /* glad.c */,
				4EAE229728C6387800E0A419 /* Common.h */,
				4E54776228C78B35002546B7 /* stb_image.h */,
				4EAE229C28C644C300E0A419 /* Shader.cpp */,
				4EAE229D28C644C300E0A419 /* Shader.hpp */,
				4E0122A628D21CF100110423 /* camera.h */,
			);
			path = LearnOpenGL;
			sourceTree = "<group>";
		};
		4E6885FD28C433B300D057B5 /* Frameworks */ = {
			isa = PBXGroup;
			children = (
				4E68860428C433D400D057B5 /* libglfw.3.3.dylib */,
				4E68860228C433C900D057B5 /* libGLEW.2.2.0.dylib */,
				4E68860028C433BC00D057B5 /* CoreFoundation.framework */,
				4E6885FE28C433B300D057B5 /* OpenGL.framework */,
			);
			name = Frameworks;
			sourceTree = "<group>";
		};
		4EAE229928C63AA100E0A419 /* HelloTriangle */ = {
			isa = PBXGroup;
			children = (
				4E6885F628C4339E00D057B5 /* HelloTriangle.cpp */,
			);
			path = HelloTriangle;
			sourceTree = "<group>";
		};
		4EAE229A28C63AB000E0A419 /* LearnShader */ = {
			isa = PBXGroup;
			children = (
				4EAE22A328C64B1600E0A419 /* shader */,
				4EAE229328C637AA00E0A419 /* LearnShaders.cpp */,
				4EAE229F28C64AC600E0A419 /* UseShaderObject.cpp */,
			);
			path = LearnShader;
			sourceTree = "<group>";
		};
		4EAE22A328C64B1600E0A419 /* shader */ = {
			isa = PBXGroup;
			children = (
				4EAE22A428C64B3F00E0A419 /* shader.vs */,
				4EAE22A528C64B5600E0A419 /* shader.fs */,
			);
			path = shader;
			sourceTree = "<group>";
		};
		4EB5017428CC92D4008655C0 /* TransformationsBasic */ = {
			isa = PBXGroup;
			children = (
				4EB5017528CC9343008655C0 /* LearnTransformations.cpp */,
				4EB5017728CC9519008655C0 /* transform.vs */,
				4EB5017828CC9529008655C0 /* transform.fs */,
			);
			path = TransformationsBasic;
			sourceTree = "<group>";
		};
		4EB5017B28CCA51D008655C0 /* CoordinateSystem */ = {
			isa = PBXGroup;
			children = (
				4EB5017C28CCCD26008655C0 /* 3DCoordinateSystems.cpp */,
				4EB5017E28CCD16D008655C0 /* coordinate.vs */,
				4EB5017F28CCD1D8008655C0 /* coordinate.fs */,
			);
			path = CoordinateSystem;
			sourceTree = "<group>";
		};
		4EED312D28D0C53F0048ABBB /* CameraView */ = {
			isa = PBXGroup;
			children = (
				4EED312E28D0C5760048ABBB /* CameraSystem.cpp */,
				4EED313028D0C5A30048ABBB /* camera.vs */,
				4EED313128D0C5B00048ABBB /* camera.fs */,
			);
			path = CameraView;
			sourceTree = "<group>";
		};
/* End PBXGroup section */

/* Begin PBXNativeTarget section */
		4E6885F228C4339E00D057B5 /* LearnOpenGL */ = {
			isa = PBXNativeTarget;
			buildConfigurationList = 4E6885FA28C4339E00D057B5 /* Build configuration list for PBXNativeTarget "LearnOpenGL" */;
			buildPhases = (
				4E6885EF28C4339E00D057B5 /* Sources */,
				4E6885F028C4339E00D057B5 /* Frameworks */,
				4E6885F128C4339E00D057B5 /* CopyFiles */,
			);
			buildRules = (
			);
			dependencies = (
			);
			name = LearnOpenGL;
			productName = LearnOpenGL;
			productReference = 4E6885F328C4339E00D057B5 /* LearnOpenGL */;
			productType = "com.apple.product-type.tool";
		};
/* End PBXNativeTarget section */

/* Begin PBXProject section */
		4E6885EB28C4339E00D057B5 /* Project object */ = {
			isa = PBXProject;
			attributes = {
				BuildIndependentTargetsInParallel = 1;
				LastUpgradeCheck = 1400;
				TargetAttributes = {
					4E6885F228C4339E00D057B5 = {
						CreatedOnToolsVersion = 14.0;
					};
				};
			};
			buildConfigurationList = 4E6885EE28C4339E00D057B5 /* Build configuration list for PBXProject "LearnOpenGL" */;
			compatibilityVersion = "Xcode 14.0";
			developmentRegion = en;
			hasScannedForEncodings = 0;
			knownRegions = (
				en,
				Base,
			);
			mainGroup = 4E6885EA28C4339E00D057B5;
			productRefGroup = 4E6885F428C4339E00D057B5 /* Products */;
			projectDirPath = "";
			projectRoot = "";
			targets = (
				4E6885F228C4339E00D057B5 /* LearnOpenGL */,
			);
		};
/* End PBXProject section */

/* Begin PBXSourcesBuildPhase section */
		4E6885EF28C4339E00D057B5 /* Sources */ = {
			isa = PBXSourcesBuildPhase;
			buildActionMask = 2147483647;
			files = (
				4E0122A728D21D2200110423 /* camera.h in Sources */,
				4E54776328C78B59002546B7 /* stb_image.h in Sources */,
				4EAE22A628C64CFC00E0A419 /* Shader.cpp in Sources */,
				4EAE22A228C64B0600E0A419 /* Shader.hpp in Sources */,
				4E68862728C4591000D057B5 /* glad.c in Sources */,
				4EED312F28D0C5760048ABBB /* CameraSystem.cpp in Sources */,
			);
			runOnlyForDeploymentPostprocessing = 0;
		};
/* End PBXSourcesBuildPhase section */

/* Begin XCBuildConfiguration section */
		4E6885F828C4339E00D057B5 /* Debug */ = {
			isa = XCBuildConfiguration;
			buildSettings = {
				ALWAYS_SEARCH_USER_PATHS = NO;
				CLANG_ANALYZER_NONNULL = YES;
				CLANG_ANALYZER_NUMBER_OBJECT_CONVERSION = YES_AGGRESSIVE;
				CLANG_CXX_LANGUAGE_STANDARD = "gnu++20";
				CLANG_ENABLE_MODULES = YES;
				CLANG_ENABLE_OBJC_ARC = YES;
				CLANG_ENABLE_OBJC_WEAK = YES;
				CLANG_WARN_BLOCK_CAPTURE_AUTORELEASING = YES;
				CLANG_WARN_BOOL_CONVERSION = YES;
				CLANG_WARN_COMMA = YES;
				CLANG_WARN_CONSTANT_CONVERSION = YES;
				CLANG_WARN_DEPRECATED_OBJC_IMPLEMENTATIONS = YES;
				CLANG_WARN_DIRECT_OBJC_ISA_USAGE = YES_ERROR;
				CLANG_WARN_DOCUMENTATION_COMMENTS = YES;
				CLANG_WARN_EMPTY_BODY = YES;
				CLANG_WARN_ENUM_CONVERSION = YES;
				CLANG_WARN_INFINITE_RECURSION = YES;
				CLANG_WARN_INT_CONVERSION = YES;
				CLANG_WARN_NON_LITERAL_NULL_CONVERSION = YES;
				CLANG_WARN_OBJC_IMPLICIT_RETAIN_SELF = YES;
				CLANG_WARN_OBJC_LITERAL_CONVERSION = YES;
				CLANG_WARN_OBJC_ROOT_CLASS = YES_ERROR;
				CLANG_WARN_QUOTED_INCLUDE_IN_FRAMEWORK_HEADER = YES;
				CLANG_WARN_RANGE_LOOP_ANALYSIS = YES;
				CLANG_WARN_STRICT_PROTOTYPES = YES;
				CLANG_WARN_SUSPICIOUS_MOVE = YES;
				CLANG_WARN_UNGUARDED_AVAILABILITY = YES_AGGRESSIVE;
				CLANG_WARN_UNREACHABLE_CODE = YES;
				CLANG_WARN__DUPLICATE_METHOD_MATCH = YES;
				COPY_PHASE_STRIP = NO;
				DEBUG_INFORMATION_FORMAT = dwarf;
				ENABLE_STRICT_OBJC_MSGSEND = YES;
				ENABLE_TESTABILITY = YES;
				GCC_C_LANGUAGE_STANDARD = gnu11;
				GCC_DYNAMIC_NO_PIC = NO;
				GCC_NO_COMMON_BLOCKS = YES;
				GCC_OPTIMIZATION_LEVEL = 0;
				GCC_PREPROCESSOR_DEFINITIONS = (
					"DEBUG=1",
					"$(inherited)",
				);
				GCC_WARN_64_TO_32_BIT_CONVERSION = YES;
				GCC_WARN_ABOUT_RETURN_TYPE = YES_ERROR;
				GCC_WARN_UNDECLARED_SELECTOR = YES;
				GCC_WARN_UNINITIALIZED_AUTOS = YES_AGGRESSIVE;
				GCC_WARN_UNUSED_FUNCTION = YES;
				GCC_WARN_UNUSED_VARIABLE = YES;
				MACOSX_DEPLOYMENT_TARGET = 13.0;
				MTL_ENABLE_DEBUG_INFO = INCLUDE_SOURCE;
				MTL_FAST_MATH = YES;
				ONLY_ACTIVE_ARCH = YES;
				SDKROOT = macosx;
			};
			name = Debug;
		};
		4E6885F928C4339E00D057B5 /* Release */ = {
			isa = XCBuildConfiguration;
			buildSettings = {
				ALWAYS_SEARCH_USER_PATHS = NO;
				CLANG_ANALYZER_NONNULL = YES;
				CLANG_ANALYZER_NUMBER_OBJECT_CONVERSION = YES_AGGRESSIVE;
				CLANG_CXX_LANGUAGE_STANDARD = "gnu++20";
				CLANG_ENABLE_MODULES = YES;
				CLANG_ENABLE_OBJC_ARC = YES;
				CLANG_ENABLE_OBJC_WEAK = YES;
				CLANG_WARN_BLOCK_CAPTURE_AUTORELEASING = YES;
				CLANG_WARN_BOOL_CONVERSION = YES;
				CLANG_WARN_COMMA = YES;
				CLANG_WARN_CONSTANT_CONVERSION = YES;
				CLANG_WARN_DEPRECATED_OBJC_IMPLEMENTATIONS = YES;
				CLANG_WARN_DIRECT_OBJC_ISA_USAGE = YES_ERROR;
				CLANG_WARN_DOCUMENTATION_COMMENTS = YES;
				CLANG_WARN_EMPTY_BODY = YES;
				CLANG_WARN_ENUM_CONVERSION = YES;
				CLANG_WARN_INFINITE_RECURSION = YES;
				CLANG_WARN_INT_CONVERSION = YES;
				CLANG_WARN_NON_LITERAL_NULL_CONVERSION = YES;
				CLANG_WARN_OBJC_IMPLICIT_RETAIN_SELF = YES;
				CLANG_WARN_OBJC_LITERAL_CONVERSION = YES;
				CLANG_WARN_OBJC_ROOT_CLASS = YES_ERROR;
				CLANG_WARN_QUOTED_INCLUDE_IN_FRAMEWORK_HEADER = YES;
				CLANG_WARN_RANGE_LOOP_ANALYSIS = YES;
				CLANG_WARN_STRICT_PROTOTYPES = YES;
				CLANG_WARN_SUSPICIOUS_MOVE = YES;
				CLANG_WARN_UNGUARDED_AVAILABILITY = YES_AGGRESSIVE;
				CLANG_WARN_UNREACHABLE_CODE = YES;
				CLANG_WARN__DUPLICATE_METHOD_MATCH = YES;
				COPY_PHASE_STRIP = NO;
				DEBUG_INFORMATION_FORMAT = "dwarf-with-dsym";
				ENABLE_NS_ASSERTIONS = NO;
				ENABLE_STRICT_OBJC_MSGSEND = YES;
				GCC_C_LANGUAGE_STANDARD = gnu11;
				GCC_NO_COMMON_BLOCKS = YES;
				GCC_WARN_64_TO_32_BIT_CONVERSION = YES;
				GCC_WARN_ABOUT_RETURN_TYPE = YES_ERROR;
				GCC_WARN_UNDECLARED_SELECTOR = YES;
				GCC_WARN_UNINITIALIZED_AUTOS = YES_AGGRESSIVE;
				GCC_WARN_UNUSED_FUNCTION = YES;
				GCC_WARN_UNUSED_VARIABLE = YES;
				MACOSX_DEPLOYMENT_TARGET = 13.0;
				MTL_ENABLE_DEBUG_INFO = NO;
				MTL_FAST_MATH = YES;
				SDKROOT = macosx;
			};
			name = Release;
		};
		4E6885FB28C4339E00D057B5 /* Debug */ = {
			isa = XCBuildConfiguration;
			buildSettings = {
				CODE_SIGN_ENTITLEMENTS = LearnOpenGL/LearnOpenGL.entitlements;
				"CODE_SIGN_IDENTITY[sdk=macosx*]" = "-";
				CODE_SIGN_STYLE = Automatic;
				ENABLE_HARDENED_RUNTIME = YES;
				HEADER_SEARCH_PATHS = (
					/opt/homebrew/include,
					/usr/local/include,
				);
				LIBRARY_SEARCH_PATHS = (
					"$(inherited)",
					/opt/homebrew/Cellar/glew/2.2.0_1/lib,
					/opt/homebrew/Cellar/glfw/3.3.8/lib,
				);
				PRODUCT_NAME = "$(TARGET_NAME)";
			};
			name = Debug;
		};
		4E6885FC28C4339E00D057B5 /* Release */ = {
			isa = XCBuildConfiguration;
			buildSettings = {
				CODE_SIGN_ENTITLEMENTS = LearnOpenGL/LearnOpenGL.entitlements;
				"CODE_SIGN_IDENTITY[sdk=macosx*]" = "-";
				CODE_SIGN_STYLE = Automatic;
				ENABLE_HARDENED_RUNTIME = YES;
				HEADER_SEARCH_PATHS = (
					/opt/homebrew/include,
					/usr/local/include,
				);
				LIBRARY_SEARCH_PATHS = (
					"$(inherited)",
					/opt/homebrew/Cellar/glew/2.2.0_1/lib,
					/opt/homebrew/Cellar/glfw/3.3.8/lib,
				);
				PRODUCT_NAME = "$(TARGET_NAME)";
			};
			name = Release;
		};
/* End XCBuildConfiguration section */

/* Begin XCConfigurationList section */
		4E6885EE28C4339E00D057B5 /* Build configuration list for PBXProject "LearnOpenGL" */ = {
			isa = XCConfigurationList;
			buildConfigurations = (
				4E6885F828C4339E00D057B5 /* Debug */,
				4E6885F928C4339E00D057B5 /* Release */,
			);
			defaultConfigurationIsVisible = 0;
			defaultConfigurationName = Release;
		};
		4E6885FA28C4339E00D057B5 /* Build configuration list for PBXNativeTarget "LearnOpenGL" */ = {
			isa = XCConfigurationList;
			buildConfigurations = (
				4E6885FB28C4339E00D057B5 /* Debug */,
				4E6885FC28C4339E00D057B5 /* Release */,
			);
			defaultConfigurationIsVisible = 0;
			defaultConfigurationName = Release;
		};
/* End XCConfigurationList section */
	};
	rootObject = 4E6885EB28C4339E00D057B5 /* Project object */;
}
